
Microsoft Visual Studio Solution File, Format Version 12.00
# Visual Studio 15
VisualStudioVersion = 15.0.27428.2043
MinimumVisualStudioVersion = 10.0.40219.1
Project("{FAE04EC0-301F-11D3-BF4B-00C04F79EFBC}") = "UDPNetworking", "UDPNetworking\UDPNetworking.csproj", "{A3358D2C-62A9-42FD-8827-4F77A95252B7}"
EndProject
Project("{FAE04EC0-301F-11D3-BF4B-00C04F79EFBC}") = "UDPNetworkingTest", "UDPNetworkingTest\UDPNetworkingTest.csproj", "{0202CD8E-B7B1-46A8-A0E1-BCB36139B500}"
EndProject
Global
	GlobalSection(SolutionConfigurationPlatforms) = preSolution
		Debug|Any CPU = Debug|Any CPU
		Release|Any CPU = Release|Any CPU
	EndGlobalSection
	GlobalSection(ProjectConfigurationPlatforms) = postSolution
		{A3358D2C-62A9-42FD-8827-4F77A95252B7}.Debug|Any CPU.ActiveCfg = Debug|Any CPU
		{A3358D2C-62A9-42FD-8827-4F77A95252B7}.Debug|Any CPU.Build.0 = Debug|Any CPU
		{A3358D2C-62A9-42FD-8827-4F77A95252B7}.Release|Any CPU.ActiveCfg = Release|Any CPU
		{A3358D2C-62A9-42FD-8827-4F77A95252B7}.Release|Any CPU.Build.0 = Release|Any CPU
		{0202CD8E-B7B1-46A8-A0E1-BCB36139B500}.Debug|Any CPU.ActiveCfg = Debug|Any CPU
		{0202CD8E-B7B1-46A8-A0E1-BCB36139B500}.Debug|Any CPU.Build.0 = Debug|Any CPU
		{0202CD8E-B7B1-46A8-A0E1-BCB36139B500}.Release|Any CPU.ActiveCfg = Release|Any CPU
		{0202CD8E-B7B1-46A8-A0E1-BCB36139B500}.Release|Any CPU.Build.0 = Release|Any CPU
	EndGlobalSection
	GlobalSection(SolutionProperties) = preSolution
		HideSolutionNode = FALSE
	EndGlobalSection
	GlobalSection(ExtensibilityGlobals) = postSolution
		SolutionGuid = {F1A03E9F-3C95-4EFB-B7BB-29D0B505DC1C}
	EndGlobalSection
EndGlobal
