
Microsoft Visual Studio Solution File, Format Version 12.00
# Visual Studio 15
VisualStudioVersion = 15.0.27428.2043
MinimumVisualStudioVersion = 10.0.40219.1
Project("{FAE04EC0-301F-11D3-BF4B-00C04F79EFBC}") = "RaftConsensusLibrary", "RaftConsensusLibrary\RaftConsensusLibrary.csproj", "{36B1A975-B7B5-46FB-989F-360F9744EE4D}"
EndProject
Project("{FAE04EC0-301F-11D3-BF4B-00C04F79EFBC}") = "RaftConsensusLibraryTests", "RaftConsensusLibraryTests\RaftConsensusLibraryTests.csproj", "{503E2147-3BB3-4A20-96C5-8C776EE1AEB2}"
EndProject
Global
	GlobalSection(SolutionConfigurationPlatforms) = preSolution
		Debug|Any CPU = Debug|Any CPU
		Release|Any CPU = Release|Any CPU
	EndGlobalSection
	GlobalSection(ProjectConfigurationPlatforms) = postSolution
		{36B1A975-B7B5-46FB-989F-360F9744EE4D}.Debug|Any CPU.ActiveCfg = Debug|Any CPU
		{36B1A975-B7B5-46FB-989F-360F9744EE4D}.Debug|Any CPU.Build.0 = Debug|Any CPU
		{36B1A975-B7B5-46FB-989F-360F9744EE4D}.Release|Any CPU.ActiveCfg = Release|Any CPU
		{36B1A975-B7B5-46FB-989F-360F9744EE4D}.Release|Any CPU.Build.0 = Release|Any CPU
		{503E2147-3BB3-4A20-96C5-8C776EE1AEB2}.Debug|Any CPU.ActiveCfg = Debug|Any CPU
		{503E2147-3BB3-4A20-96C5-8C776EE1AEB2}.Debug|Any CPU.Build.0 = Debug|Any CPU
		{503E2147-3BB3-4A20-96C5-8C776EE1AEB2}.Release|Any CPU.ActiveCfg = Release|Any CPU
		{503E2147-3BB3-4A20-96C5-8C776EE1AEB2}.Release|Any CPU.Build.0 = Release|Any CPU
	EndGlobalSection
	GlobalSection(SolutionProperties) = preSolution
		HideSolutionNode = FALSE
	EndGlobalSection
	GlobalSection(ExtensibilityGlobals) = postSolution
		SolutionGuid = {F9A33179-F046-46B1-981F-504201571CEE}
	EndGlobalSection
EndGlobal
