
Microsoft Visual Studio Solution File, Format Version 12.00
# Visual Studio 15
VisualStudioVersion = 15.0.27428.2037
MinimumVisualStudioVersion = 10.0.40219.1
Project("{9A19103F-16F7-4668-BE54-9A1E7A4F7556}") = "RaftConsensus", "RaftConsensus\RaftConsensus.csproj", "{F38A3F88-0EE7-4987-AF7C-C9161DE2585C}"
EndProject
Project("{FAE04EC0-301F-11D3-BF4B-00C04F79EFBC}") = "RaftConsensusTests", "RaftConsensusTests\RaftConsensusTests.csproj", "{B779A06B-7291-4F80-9BB0-90AA2A534125}"
EndProject
Project("{FAE04EC0-301F-11D3-BF4B-00C04F79EFBC}") = "RaftNetworkingTests", "RaftNetworkingTests\RaftNetworkingTests.csproj", "{45AE505B-244A-43CF-9E2B-AACAE882563B}"
EndProject
Global
	GlobalSection(SolutionConfigurationPlatforms) = preSolution
		Debug|Any CPU = Debug|Any CPU
		Release|Any CPU = Release|Any CPU
	EndGlobalSection
	GlobalSection(ProjectConfigurationPlatforms) = postSolution
		{F38A3F88-0EE7-4987-AF7C-C9161DE2585C}.Debug|Any CPU.ActiveCfg = Debug|Any CPU
		{F38A3F88-0EE7-4987-AF7C-C9161DE2585C}.Debug|Any CPU.Build.0 = Debug|Any CPU
		{F38A3F88-0EE7-4987-AF7C-C9161DE2585C}.Release|Any CPU.ActiveCfg = Release|Any CPU
		{F38A3F88-0EE7-4987-AF7C-C9161DE2585C}.Release|Any CPU.Build.0 = Release|Any CPU
		{B779A06B-7291-4F80-9BB0-90AA2A534125}.Debug|Any CPU.ActiveCfg = Debug|Any CPU
		{B779A06B-7291-4F80-9BB0-90AA2A534125}.Debug|Any CPU.Build.0 = Debug|Any CPU
		{B779A06B-7291-4F80-9BB0-90AA2A534125}.Release|Any CPU.ActiveCfg = Release|Any CPU
		{B779A06B-7291-4F80-9BB0-90AA2A534125}.Release|Any CPU.Build.0 = Release|Any CPU
		{45AE505B-244A-43CF-9E2B-AACAE882563B}.Debug|Any CPU.ActiveCfg = Debug|Any CPU
		{45AE505B-244A-43CF-9E2B-AACAE882563B}.Debug|Any CPU.Build.0 = Debug|Any CPU
		{45AE505B-244A-43CF-9E2B-AACAE882563B}.Release|Any CPU.ActiveCfg = Release|Any CPU
		{45AE505B-244A-43CF-9E2B-AACAE882563B}.Release|Any CPU.Build.0 = Release|Any CPU
	EndGlobalSection
	GlobalSection(SolutionProperties) = preSolution
		HideSolutionNode = FALSE
	EndGlobalSection
	GlobalSection(ExtensibilityGlobals) = postSolution
		SolutionGuid = {97C196E0-766B-4C3D-92F6-B03CFAC5B630}
	EndGlobalSection
EndGlobal
